
Microsoft Visual Studio Solution File, Format Version 12.00
# Visual Studio Version 16
VisualStudioVersion = 16.0.30503.244
MinimumVisualStudioVersion = 10.0.40219.1
Project("{FAE04EC0-301F-11D3-BF4B-00C04F79EFBC}") = "Covid19", "Covid19\Covid19.csproj", "{A64E82EC-CCB1-4E28-AA7A-694BA0CAED58}"
EndProject
Global
	GlobalSection(SolutionConfigurationPlatforms) = preSolution
		Debug|Any CPU = Debug|Any CPU
		Release|Any CPU = Release|Any CPU
	EndGlobalSection
	GlobalSection(ProjectConfigurationPlatforms) = postSolution
		{A64E82EC-CCB1-4E28-AA7A-694BA0CAED58}.Debug|Any CPU.ActiveCfg = Debug|Any CPU
		{A64E82EC-CCB1-4E28-AA7A-694BA0CAED58}.Debug|Any CPU.Build.0 = Debug|Any CPU
		{A64E82EC-CCB1-4E28-AA7A-694BA0CAED58}.Release|Any CPU.ActiveCfg = Release|Any CPU
		{A64E82EC-CCB1-4E28-AA7A-694BA0CAED58}.Release|Any CPU.Build.0 = Release|Any CPU
	EndGlobalSection
	GlobalSection(SolutionProperties) = preSolution
		HideSolutionNode = FALSE
	EndGlobalSection
	GlobalSection(ExtensibilityGlobals) = postSolution
		SolutionGuid = {014DE51D-CEDC-488D-997F-47788AC1A889}
	EndGlobalSection
EndGlobal
