
Microsoft Visual Studio Solution File, Format Version 12.00
# Visual Studio Version 16
VisualStudioVersion = 16.0.30503.244
MinimumVisualStudioVersion = 10.0.40219.1
Project("{FAE04EC0-301F-11D3-BF4B-00C04F79EFBC}") = "szemin4", "szemin4\szemin4.csproj", "{82F8D060-5A0E-4BB6-9B61-B3862495CB73}"
EndProject
Global
	GlobalSection(SolutionConfigurationPlatforms) = preSolution
		Debug|Any CPU = Debug|Any CPU
		Release|Any CPU = Release|Any CPU
	EndGlobalSection
	GlobalSection(ProjectConfigurationPlatforms) = postSolution
		{82F8D060-5A0E-4BB6-9B61-B3862495CB73}.Debug|Any CPU.ActiveCfg = Debug|Any CPU
		{82F8D060-5A0E-4BB6-9B61-B3862495CB73}.Debug|Any CPU.Build.0 = Debug|Any CPU
		{82F8D060-5A0E-4BB6-9B61-B3862495CB73}.Release|Any CPU.ActiveCfg = Release|Any CPU
		{82F8D060-5A0E-4BB6-9B61-B3862495CB73}.Release|Any CPU.Build.0 = Release|Any CPU
	EndGlobalSection
	GlobalSection(SolutionProperties) = preSolution
		HideSolutionNode = FALSE
	EndGlobalSection
	GlobalSection(ExtensibilityGlobals) = postSolution
		SolutionGuid = {5B520C03-25AF-4325-BCF0-651DD267442B}
	EndGlobalSection
EndGlobal
